
Microsoft Visual Studio Solution File, Format Version 12.00
# Visual Studio Version 17
VisualStudioVersion = 17.8.34330.188
MinimumVisualStudioVersion = 10.0.40219.1
Project("{2150E333-8FDC-42A3-9474-1A3956D46DE8}") = "FrontEnd", "FrontEnd", "{905AFEF7-7E27-449E-9009-27CC259C5C57}"
EndProject
Project("{2150E333-8FDC-42A3-9474-1A3956D46DE8}") = "Gateway", "Gateway", "{FF36E692-922D-46AF-A53F-80FB9A7BB020}"
EndProject
Project("{2150E333-8FDC-42A3-9474-1A3956D46DE8}") = "Integration", "Integration", "{886E1A76-7020-4759-A23F-6678E84FC900}"
EndProject
Project("{2150E333-8FDC-42A3-9474-1A3956D46DE8}") = "Services", "Services", "{8F14594A-E3FA-4B72-8A1E-00B3E8CAFE6B}"
EndProject
Project("{9A19103F-16F7-4668-BE54-9A1E7A4F7556}") = "Mango.Services.CouponAPI", "Mango.Services.CouponAPI\Mango.Services.CouponAPI.csproj", "{537ED38E-F736-45B4-969A-8414C68F6CC4}"
EndProject
Project("{9A19103F-16F7-4668-BE54-9A1E7A4F7556}") = "Mango.Web", "Mango.Web\Mango.Web.csproj", "{35B9EFC1-547F-4FF9-9119-F8B765E982CA}"
EndProject
Project("{9A19103F-16F7-4668-BE54-9A1E7A4F7556}") = "Mango.Services.AuthAPI", "Mango.Services.AuthAPI\Mango.Services.AuthAPI.csproj", "{9A7B5B67-9318-4FAF-AC31-5310FDC30DDC}"
EndProject
Project("{9A19103F-16F7-4668-BE54-9A1E7A4F7556}") = "Mango.Services.ProductAPI", "Mango.Services.ProductAPI\Mango.Services.ProductAPI.csproj", "{EE633E31-FF95-4717-979E-2413F7A899A9}"
EndProject
Project("{9A19103F-16F7-4668-BE54-9A1E7A4F7556}") = "Mango.Services.ShoppingCartAPI", "Mango.Services.ShoppingCartAPI\Mango.Services.ShoppingCartAPI.csproj", "{059A1502-5015-429C-8AC3-E7F91DBFC850}"
EndProject
Project("{9A19103F-16F7-4668-BE54-9A1E7A4F7556}") = "Mango.MessageBus", "Mango.MessageBus\Mango.MessageBus.csproj", "{F24E3002-8FB4-4F25-86B6-B8BE03566528}"
EndProject
Project("{9A19103F-16F7-4668-BE54-9A1E7A4F7556}") = "Mango.Services.EmailAPI", "Mango.Services.EmailAPI\Mango.Services.EmailAPI.csproj", "{FDB70A33-310F-456D-AA34-95E41A1461F0}"
EndProject
Project("{9A19103F-16F7-4668-BE54-9A1E7A4F7556}") = "Mango.Services.OrderAPI", "Mango.Services.OrderAPI\Mango.Services.OrderAPI.csproj", "{F8DA5721-7383-4039-9329-1D930AABC4CA}"
EndProject
Project("{9A19103F-16F7-4668-BE54-9A1E7A4F7556}") = "Mango.Services.RewardAPI", "Mango.Services.RewardAPI\Mango.Services.RewardAPI.csproj", "{051BE7A2-595F-4E6A-B836-C7841D3BC776}"
EndProject
Project("{FAE04EC0-301F-11D3-BF4B-00C04F79EFBC}") = "Mango.GatewaySolution", "Mango.GatewaySolution\Mango.GatewaySolution.csproj", "{12C1C43C-E6A0-4F6E-A2B3-2FBFB469326C}"
EndProject
Global
	GlobalSection(SolutionConfigurationPlatforms) = preSolution
		Debug|Any CPU = Debug|Any CPU
		Release|Any CPU = Release|Any CPU
	EndGlobalSection
	GlobalSection(ProjectConfigurationPlatforms) = postSolution
		{537ED38E-F736-45B4-969A-8414C68F6CC4}.Debug|Any CPU.ActiveCfg = Debug|Any CPU
		{537ED38E-F736-45B4-969A-8414C68F6CC4}.Debug|Any CPU.Build.0 = Debug|Any CPU
		{537ED38E-F736-45B4-969A-8414C68F6CC4}.Release|Any CPU.ActiveCfg = Release|Any CPU
		{537ED38E-F736-45B4-969A-8414C68F6CC4}.Release|Any CPU.Build.0 = Release|Any CPU
		{35B9EFC1-547F-4FF9-9119-F8B765E982CA}.Debug|Any CPU.ActiveCfg = Debug|Any CPU
		{35B9EFC1-547F-4FF9-9119-F8B765E982CA}.Debug|Any CPU.Build.0 = Debug|Any CPU
		{35B9EFC1-547F-4FF9-9119-F8B765E982CA}.Release|Any CPU.ActiveCfg = Release|Any CPU
		{35B9EFC1-547F-4FF9-9119-F8B765E982CA}.Release|Any CPU.Build.0 = Release|Any CPU
		{9A7B5B67-9318-4FAF-AC31-5310FDC30DDC}.Debug|Any CPU.ActiveCfg = Debug|Any CPU
		{9A7B5B67-9318-4FAF-AC31-5310FDC30DDC}.Debug|Any CPU.Build.0 = Debug|Any CPU
		{9A7B5B67-9318-4FAF-AC31-5310FDC30DDC}.Release|Any CPU.ActiveCfg = Release|Any CPU
		{9A7B5B67-9318-4FAF-AC31-5310FDC30DDC}.Release|Any CPU.Build.0 = Release|Any CPU
		{EE633E31-FF95-4717-979E-2413F7A899A9}.Debug|Any CPU.ActiveCfg = Debug|Any CPU
		{EE633E31-FF95-4717-979E-2413F7A899A9}.Debug|Any CPU.Build.0 = Debug|Any CPU
		{EE633E31-FF95-4717-979E-2413F7A899A9}.Release|Any CPU.ActiveCfg = Release|Any CPU
		{EE633E31-FF95-4717-979E-2413F7A899A9}.Release|Any CPU.Build.0 = Release|Any CPU
		{059A1502-5015-429C-8AC3-E7F91DBFC850}.Debug|Any CPU.ActiveCfg = Debug|Any CPU
		{059A1502-5015-429C-8AC3-E7F91DBFC850}.Debug|Any CPU.Build.0 = Debug|Any CPU
		{059A1502-5015-429C-8AC3-E7F91DBFC850}.Release|Any CPU.ActiveCfg = Release|Any CPU
		{059A1502-5015-429C-8AC3-E7F91DBFC850}.Release|Any CPU.Build.0 = Release|Any CPU
		{F24E3002-8FB4-4F25-86B6-B8BE03566528}.Debug|Any CPU.ActiveCfg = Debug|Any CPU
		{F24E3002-8FB4-4F25-86B6-B8BE03566528}.Debug|Any CPU.Build.0 = Debug|Any CPU
		{F24E3002-8FB4-4F25-86B6-B8BE03566528}.Release|Any CPU.ActiveCfg = Release|Any CPU
		{F24E3002-8FB4-4F25-86B6-B8BE03566528}.Release|Any CPU.Build.0 = Release|Any CPU
		{FDB70A33-310F-456D-AA34-95E41A1461F0}.Debug|Any CPU.ActiveCfg = Debug|Any CPU
		{FDB70A33-310F-456D-AA34-95E41A1461F0}.Debug|Any CPU.Build.0 = Debug|Any CPU
		{FDB70A33-310F-456D-AA34-95E41A1461F0}.Release|Any CPU.ActiveCfg = Release|Any CPU
		{FDB70A33-310F-456D-AA34-95E41A1461F0}.Release|Any CPU.Build.0 = Release|Any CPU
		{F8DA5721-7383-4039-9329-1D930AABC4CA}.Debug|Any CPU.ActiveCfg = Debug|Any CPU
		{F8DA5721-7383-4039-9329-1D930AABC4CA}.Debug|Any CPU.Build.0 = Debug|Any CPU
		{F8DA5721-7383-4039-9329-1D930AABC4CA}.Release|Any CPU.ActiveCfg = Release|Any CPU
		{F8DA5721-7383-4039-9329-1D930AABC4CA}.Release|Any CPU.Build.0 = Release|Any CPU
		{051BE7A2-595F-4E6A-B836-C7841D3BC776}.Debug|Any CPU.ActiveCfg = Debug|Any CPU
		{051BE7A2-595F-4E6A-B836-C7841D3BC776}.Debug|Any CPU.Build.0 = Debug|Any CPU
		{051BE7A2-595F-4E6A-B836-C7841D3BC776}.Release|Any CPU.ActiveCfg = Release|Any CPU
		{051BE7A2-595F-4E6A-B836-C7841D3BC776}.Release|Any CPU.Build.0 = Release|Any CPU
		{12C1C43C-E6A0-4F6E-A2B3-2FBFB469326C}.Debug|Any CPU.ActiveCfg = Debug|Any CPU
		{12C1C43C-E6A0-4F6E-A2B3-2FBFB469326C}.Debug|Any CPU.Build.0 = Debug|Any CPU
		{12C1C43C-E6A0-4F6E-A2B3-2FBFB469326C}.Release|Any CPU.ActiveCfg = Release|Any CPU
		{12C1C43C-E6A0-4F6E-A2B3-2FBFB469326C}.Release|Any CPU.Build.0 = Release|Any CPU
	EndGlobalSection
	GlobalSection(SolutionProperties) = preSolution
		HideSolutionNode = FALSE
	EndGlobalSection
	GlobalSection(NestedProjects) = preSolution
		{537ED38E-F736-45B4-969A-8414C68F6CC4} = {8F14594A-E3FA-4B72-8A1E-00B3E8CAFE6B}
		{35B9EFC1-547F-4FF9-9119-F8B765E982CA} = {905AFEF7-7E27-449E-9009-27CC259C5C57}
		{9A7B5B67-9318-4FAF-AC31-5310FDC30DDC} = {8F14594A-E3FA-4B72-8A1E-00B3E8CAFE6B}
		{EE633E31-FF95-4717-979E-2413F7A899A9} = {8F14594A-E3FA-4B72-8A1E-00B3E8CAFE6B}
		{059A1502-5015-429C-8AC3-E7F91DBFC850} = {8F14594A-E3FA-4B72-8A1E-00B3E8CAFE6B}
		{F24E3002-8FB4-4F25-86B6-B8BE03566528} = {886E1A76-7020-4759-A23F-6678E84FC900}
		{FDB70A33-310F-456D-AA34-95E41A1461F0} = {8F14594A-E3FA-4B72-8A1E-00B3E8CAFE6B}
		{F8DA5721-7383-4039-9329-1D930AABC4CA} = {8F14594A-E3FA-4B72-8A1E-00B3E8CAFE6B}
		{051BE7A2-595F-4E6A-B836-C7841D3BC776} = {8F14594A-E3FA-4B72-8A1E-00B3E8CAFE6B}
		{12C1C43C-E6A0-4F6E-A2B3-2FBFB469326C} = {FF36E692-922D-46AF-A53F-80FB9A7BB020}
	EndGlobalSection
	GlobalSection(ExtensibilityGlobals) = postSolution
		SolutionGuid = {8FB4EFC3-000D-40E5-9DDA-6D903FEED213}
	EndGlobalSection
EndGlobal
